
Microsoft Visual Studio Solution File, Format Version 12.00
# Visual Studio Version 17
VisualStudioVersion = 17.8.34330.188
MinimumVisualStudioVersion = 10.0.40219.1
Project("{FAE04EC0-301F-11D3-BF4B-00C04F79EFBC}") = "App_Ass", "App_Ass\App_Ass.csproj", "{1A066897-9B8C-46E0-BE75-45A6385B9FAB}"
EndProject
Global
	GlobalSection(SolutionConfigurationPlatforms) = preSolution
		Debug|Any CPU = Debug|Any CPU
		Release|Any CPU = Release|Any CPU
	EndGlobalSection
	GlobalSection(ProjectConfigurationPlatforms) = postSolution
		{1A066897-9B8C-46E0-BE75-45A6385B9FAB}.Debug|Any CPU.ActiveCfg = Debug|Any CPU
		{1A066897-9B8C-46E0-BE75-45A6385B9FAB}.Debug|Any CPU.Build.0 = Debug|Any CPU
		{1A066897-9B8C-46E0-BE75-45A6385B9FAB}.Release|Any CPU.ActiveCfg = Release|Any CPU
		{1A066897-9B8C-46E0-BE75-45A6385B9FAB}.Release|Any CPU.Build.0 = Release|Any CPU
	EndGlobalSection
	GlobalSection(SolutionProperties) = preSolution
		HideSolutionNode = FALSE
	EndGlobalSection
	GlobalSection(ExtensibilityGlobals) = postSolution
		SolutionGuid = {E91B54C2-A56E-4DFC-BDA6-26243851E50E}
	EndGlobalSection
EndGlobal
